
Microsoft Visual Studio Solution File, Format Version 12.00
# Visual Studio Version 16
VisualStudioVersion = 16.0.31702.278
MinimumVisualStudioVersion = 10.0.40219.1
Project("{FAE04EC0-301F-11D3-BF4B-00C04F79EFBC}") = "Restaurant_recipes.Android", "Restaurant_recipes.Android\Restaurant_recipes.Android.csproj", "{D8C0CD7C-FBFB-4268-BDB3-3E4A2BE4E119}"
EndProject
Project("{FAE04EC0-301F-11D3-BF4B-00C04F79EFBC}") = "Restaurant_recipes.iOS", "Restaurant_recipes.iOS\Restaurant_recipes.iOS.csproj", "{78E12BA9-4840-429D-8F03-639054A3B2EF}"
EndProject
Project("{FAE04EC0-301F-11D3-BF4B-00C04F79EFBC}") = "Restaurant_recipes", "Restaurant_recipes\Restaurant_recipes.csproj", "{8620146C-7A3B-464B-A859-651C8BF3918C}"
EndProject
Global
	GlobalSection(SolutionConfigurationPlatforms) = preSolution
		Debug|Any CPU = Debug|Any CPU
		Debug|iPhone = Debug|iPhone
		Debug|iPhoneSimulator = Debug|iPhoneSimulator
		Release|Any CPU = Release|Any CPU
		Release|iPhone = Release|iPhone
		Release|iPhoneSimulator = Release|iPhoneSimulator
	EndGlobalSection
	GlobalSection(ProjectConfigurationPlatforms) = postSolution
		{D8C0CD7C-FBFB-4268-BDB3-3E4A2BE4E119}.Debug|Any CPU.ActiveCfg = Debug|Any CPU
		{D8C0CD7C-FBFB-4268-BDB3-3E4A2BE4E119}.Debug|Any CPU.Build.0 = Debug|Any CPU
		{D8C0CD7C-FBFB-4268-BDB3-3E4A2BE4E119}.Debug|Any CPU.Deploy.0 = Debug|Any CPU
		{D8C0CD7C-FBFB-4268-BDB3-3E4A2BE4E119}.Debug|iPhone.ActiveCfg = Debug|Any CPU
		{D8C0CD7C-FBFB-4268-BDB3-3E4A2BE4E119}.Debug|iPhone.Build.0 = Debug|Any CPU
		{D8C0CD7C-FBFB-4268-BDB3-3E4A2BE4E119}.Debug|iPhone.Deploy.0 = Debug|Any CPU
		{D8C0CD7C-FBFB-4268-BDB3-3E4A2BE4E119}.Debug|iPhoneSimulator.ActiveCfg = Debug|Any CPU
		{D8C0CD7C-FBFB-4268-BDB3-3E4A2BE4E119}.Debug|iPhoneSimulator.Build.0 = Debug|Any CPU
		{D8C0CD7C-FBFB-4268-BDB3-3E4A2BE4E119}.Debug|iPhoneSimulator.Deploy.0 = Debug|Any CPU
		{D8C0CD7C-FBFB-4268-BDB3-3E4A2BE4E119}.Release|Any CPU.ActiveCfg = Release|Any CPU
		{D8C0CD7C-FBFB-4268-BDB3-3E4A2BE4E119}.Release|Any CPU.Build.0 = Release|Any CPU
		{D8C0CD7C-FBFB-4268-BDB3-3E4A2BE4E119}.Release|Any CPU.Deploy.0 = Release|Any CPU
		{D8C0CD7C-FBFB-4268-BDB3-3E4A2BE4E119}.Release|iPhone.ActiveCfg = Release|Any CPU
		{D8C0CD7C-FBFB-4268-BDB3-3E4A2BE4E119}.Release|iPhone.Build.0 = Release|Any CPU
		{D8C0CD7C-FBFB-4268-BDB3-3E4A2BE4E119}.Release|iPhone.Deploy.0 = Release|Any CPU
		{D8C0CD7C-FBFB-4268-BDB3-3E4A2BE4E119}.Release|iPhoneSimulator.ActiveCfg = Release|Any CPU
		{D8C0CD7C-FBFB-4268-BDB3-3E4A2BE4E119}.Release|iPhoneSimulator.Build.0 = Release|Any CPU
		{D8C0CD7C-FBFB-4268-BDB3-3E4A2BE4E119}.Release|iPhoneSimulator.Deploy.0 = Release|Any CPU
		{78E12BA9-4840-429D-8F03-639054A3B2EF}.Debug|Any CPU.ActiveCfg = Debug|iPhone
		{78E12BA9-4840-429D-8F03-639054A3B2EF}.Debug|Any CPU.Build.0 = Debug|iPhone
		{78E12BA9-4840-429D-8F03-639054A3B2EF}.Debug|Any CPU.Deploy.0 = Debug|iPhone
		{78E12BA9-4840-429D-8F03-639054A3B2EF}.Debug|iPhone.ActiveCfg = Debug|iPhone
		{78E12BA9-4840-429D-8F03-639054A3B2EF}.Debug|iPhone.Build.0 = Debug|iPhone
		{78E12BA9-4840-429D-8F03-639054A3B2EF}.Debug|iPhone.Deploy.0 = Debug|iPhone
		{78E12BA9-4840-429D-8F03-639054A3B2EF}.Debug|iPhoneSimulator.ActiveCfg = Debug|iPhoneSimulator
		{78E12BA9-4840-429D-8F03-639054A3B2EF}.Debug|iPhoneSimulator.Build.0 = Debug|iPhoneSimulator
		{78E12BA9-4840-429D-8F03-639054A3B2EF}.Debug|iPhoneSimulator.Deploy.0 = Debug|iPhoneSimulator
		{78E12BA9-4840-429D-8F03-639054A3B2EF}.Release|Any CPU.ActiveCfg = Release|iPhoneSimulator
		{78E12BA9-4840-429D-8F03-639054A3B2EF}.Release|Any CPU.Build.0 = Release|iPhoneSimulator
		{78E12BA9-4840-429D-8F03-639054A3B2EF}.Release|Any CPU.Deploy.0 = Release|iPhoneSimulator
		{78E12BA9-4840-429D-8F03-639054A3B2EF}.Release|iPhone.ActiveCfg = Release|iPhone
		{78E12BA9-4840-429D-8F03-639054A3B2EF}.Release|iPhone.Build.0 = Release|iPhone
		{78E12BA9-4840-429D-8F03-639054A3B2EF}.Release|iPhone.Deploy.0 = Release|iPhone
		{78E12BA9-4840-429D-8F03-639054A3B2EF}.Release|iPhoneSimulator.ActiveCfg = Release|iPhoneSimulator
		{78E12BA9-4840-429D-8F03-639054A3B2EF}.Release|iPhoneSimulator.Build.0 = Release|iPhoneSimulator
		{78E12BA9-4840-429D-8F03-639054A3B2EF}.Release|iPhoneSimulator.Deploy.0 = Release|iPhoneSimulator
		{8620146C-7A3B-464B-A859-651C8BF3918C}.Debug|Any CPU.ActiveCfg = Debug|Any CPU
		{8620146C-7A3B-464B-A859-651C8BF3918C}.Debug|Any CPU.Build.0 = Debug|Any CPU
		{8620146C-7A3B-464B-A859-651C8BF3918C}.Debug|Any CPU.Deploy.0 = Debug|Any CPU
		{8620146C-7A3B-464B-A859-651C8BF3918C}.Debug|iPhone.ActiveCfg = Debug|Any CPU
		{8620146C-7A3B-464B-A859-651C8BF3918C}.Debug|iPhone.Build.0 = Debug|Any CPU
		{8620146C-7A3B-464B-A859-651C8BF3918C}.Debug|iPhone.Deploy.0 = Debug|Any CPU
		{8620146C-7A3B-464B-A859-651C8BF3918C}.Debug|iPhoneSimulator.ActiveCfg = Debug|Any CPU
		{8620146C-7A3B-464B-A859-651C8BF3918C}.Debug|iPhoneSimulator.Build.0 = Debug|Any CPU
		{8620146C-7A3B-464B-A859-651C8BF3918C}.Debug|iPhoneSimulator.Deploy.0 = Debug|Any CPU
		{8620146C-7A3B-464B-A859-651C8BF3918C}.Release|Any CPU.ActiveCfg = Release|Any CPU
		{8620146C-7A3B-464B-A859-651C8BF3918C}.Release|Any CPU.Build.0 = Release|Any CPU
		{8620146C-7A3B-464B-A859-651C8BF3918C}.Release|Any CPU.Deploy.0 = Release|Any CPU
		{8620146C-7A3B-464B-A859-651C8BF3918C}.Release|iPhone.ActiveCfg = Release|Any CPU
		{8620146C-7A3B-464B-A859-651C8BF3918C}.Release|iPhone.Build.0 = Release|Any CPU
		{8620146C-7A3B-464B-A859-651C8BF3918C}.Release|iPhone.Deploy.0 = Release|Any CPU
		{8620146C-7A3B-464B-A859-651C8BF3918C}.Release|iPhoneSimulator.ActiveCfg = Release|Any CPU
		{8620146C-7A3B-464B-A859-651C8BF3918C}.Release|iPhoneSimulator.Build.0 = Release|Any CPU
		{8620146C-7A3B-464B-A859-651C8BF3918C}.Release|iPhoneSimulator.Deploy.0 = Release|Any CPU
	EndGlobalSection
	GlobalSection(SolutionProperties) = preSolution
		HideSolutionNode = FALSE
	EndGlobalSection
	GlobalSection(ExtensibilityGlobals) = postSolution
		SolutionGuid = {CCCD130B-98F3-4F58-B183-A2DCF26A0E24}
	EndGlobalSection
EndGlobal
